
Microsoft Visual Studio Solution File, Format Version 12.00
# Visual Studio Version 17
VisualStudioVersion = 17.9.34723.18
MinimumVisualStudioVersion = 10.0.40219.1
Project("{FAE04EC0-301F-11D3-BF4B-00C04F79EFBC}") = "EventEase", "EventEase\EventEase.csproj", "{C14B6BFF-F926-488F-AA6C-CDFC5B012090}"
EndProject
Global
	GlobalSection(SolutionConfigurationPlatforms) = preSolution
		Debug|Any CPU = Debug|Any CPU
		Release|Any CPU = Release|Any CPU
	EndGlobalSection
	GlobalSection(ProjectConfigurationPlatforms) = postSolution
		{C14B6BFF-F926-488F-AA6C-CDFC5B012090}.Debug|Any CPU.ActiveCfg = Debug|Any CPU
		{C14B6BFF-F926-488F-AA6C-CDFC5B012090}.Debug|Any CPU.Build.0 = Debug|Any CPU
		{C14B6BFF-F926-488F-AA6C-CDFC5B012090}.Release|Any CPU.ActiveCfg = Release|Any CPU
		{C14B6BFF-F926-488F-AA6C-CDFC5B012090}.Release|Any CPU.Build.0 = Release|Any CPU
	EndGlobalSection
	GlobalSection(SolutionProperties) = preSolution
		HideSolutionNode = FALSE
	EndGlobalSection
	GlobalSection(ExtensibilityGlobals) = postSolution
		SolutionGuid = {65B8ACB3-CA58-4D6F-BAAC-61B2C4C03AA7}
	EndGlobalSection
EndGlobal
